
Microsoft Visual Studio Solution File, Format Version 12.00
# Visual Studio Version 16
VisualStudioVersion = 16.0.29926.136
MinimumVisualStudioVersion = 10.0.40219.1
Project("{FAE04EC0-301F-11D3-BF4B-00C04F79EFBC}") = "NetStatWPF.Client", "NetStatWPF.Client\NetStatWPF.Client.csproj", "{2001DBD5-95F0-49E9-ACAD-87C6F0265426}"
EndProject
Project("{FAE04EC0-301F-11D3-BF4B-00C04F79EFBC}") = "NetStatWPF.Data", "NetStatWPF.Data\NetStatWPF.Data.csproj", "{FCFBBDBF-4C58-4B8E-98EE-BF21BB8C7868}"
EndProject
Project("{FAE04EC0-301F-11D3-BF4B-00C04F79EFBC}") = "NetStatWPF.Test", "NetStatWPF.Test\NetStatWPF.Test.csproj", "{39D5035A-7F85-4231-8085-3326ED96CBAA}"
EndProject
Global
	GlobalSection(SolutionConfigurationPlatforms) = preSolution
		Debug|Any CPU = Debug|Any CPU
		Release|Any CPU = Release|Any CPU
	EndGlobalSection
	GlobalSection(ProjectConfigurationPlatforms) = postSolution
		{2001DBD5-95F0-49E9-ACAD-87C6F0265426}.Debug|Any CPU.ActiveCfg = Debug|Any CPU
		{2001DBD5-95F0-49E9-ACAD-87C6F0265426}.Debug|Any CPU.Build.0 = Debug|Any CPU
		{2001DBD5-95F0-49E9-ACAD-87C6F0265426}.Release|Any CPU.ActiveCfg = Release|Any CPU
		{2001DBD5-95F0-49E9-ACAD-87C6F0265426}.Release|Any CPU.Build.0 = Release|Any CPU
		{FCFBBDBF-4C58-4B8E-98EE-BF21BB8C7868}.Debug|Any CPU.ActiveCfg = Debug|Any CPU
		{FCFBBDBF-4C58-4B8E-98EE-BF21BB8C7868}.Debug|Any CPU.Build.0 = Debug|Any CPU
		{FCFBBDBF-4C58-4B8E-98EE-BF21BB8C7868}.Release|Any CPU.ActiveCfg = Release|Any CPU
		{FCFBBDBF-4C58-4B8E-98EE-BF21BB8C7868}.Release|Any CPU.Build.0 = Release|Any CPU
		{39D5035A-7F85-4231-8085-3326ED96CBAA}.Debug|Any CPU.ActiveCfg = Debug|Any CPU
		{39D5035A-7F85-4231-8085-3326ED96CBAA}.Debug|Any CPU.Build.0 = Debug|Any CPU
		{39D5035A-7F85-4231-8085-3326ED96CBAA}.Release|Any CPU.ActiveCfg = Release|Any CPU
		{39D5035A-7F85-4231-8085-3326ED96CBAA}.Release|Any CPU.Build.0 = Release|Any CPU
	EndGlobalSection
	GlobalSection(SolutionProperties) = preSolution
		HideSolutionNode = FALSE
	EndGlobalSection
	GlobalSection(ExtensibilityGlobals) = postSolution
		SolutionGuid = {C69C6A1E-F472-4A2A-8978-3F0ABDEBC12E}
	EndGlobalSection
EndGlobal
